{
    "_readme": [
        "This file locks the dependencies of your project to a known state",
        "Read more about it at https://getcomposer.org/doc/01-basic-usage.md#installing-dependencies",
        "This file is @generated automatically"
    ],
    "content-hash": "92b6c0a3cf16d4b8ec6724528bfa405e",
    "packages": [
        {
            "name": "cakephp/core",
            "version": "4.4.11",
            "source": {
                "type": "git",
                "url": "https://github.com/cakephp/core.git",
                "reference": "3730ce60f0153b609c9d756fe1b60978bc9c9fee"
            },
            "dist": {
                "type": "zip",
                "url": "https://api.github.com/repos/cakephp/core/zipball/3730ce60f0153b609c9d756fe1b60978bc9c9fee",
                "reference": "3730ce60f0153b609c9d756fe1b60978bc9c9fee",
                "shasum": ""
            },
            "require": {
                "cakephp/utility": "^4.0",
                "php": ">=7.4.0"
            },
            "suggest": {
                "cakephp/cache": "To use Configure::store() and restore().",
                "cakephp/event": "To use PluginApplicationInterface or plugin applications.",
                "league/container": "To use Container and ServiceProvider classes"
            },
            "type": "library",
            "autoload": {
                "files": [
                    "functions.php"
                ],
                "psr-4": {
                    "Cake\\Core\\": "."
                }
            },
            "notification-url": "https://packagist.org/downloads/",
            "license": [
                "MIT"
            ],
            "authors": [
                {
                    "name": "CakePHP Community",
                    "homepage": "https://github.com/cakephp/core/graphs/contributors"
                }
            ],
            "description": "CakePHP Framework Core classes",
            "homepage": "https://cakephp.org",
            "keywords": [
                "cakephp",
                "core",
                "framework"
            ],
            "support": {
                "forum": "https://stackoverflow.com/tags/cakephp",
                "irc": "irc://irc.freenode.org/cakephp",
                "issues": "https://github.com/cakephp/cakephp/issues",
                "source": "https://github.com/cakephp/core"
            },
            "time": "2023-02-09T19:55:09+00:00"
        },
        {
            "name": "cakephp/filesystem",
            "version": "4.4.11",
            "source": {
                "type": "git",
                "url": "https://github.com/cakephp/filesystem.git",
                "reference": "48d7f1962072c5bd823fd6a420ceb431dfd2eb3a"
            },
            "dist": {
                "type": "zip",
                "url": "https://api.github.com/repos/cakephp/filesystem/zipball/48d7f1962072c5bd823fd6a420ceb431dfd2eb3a",
                "reference": "48d7f1962072c5bd823fd6a420ceb431dfd2eb3a",
                "shasum": ""
            },
            "require": {
                "cakephp/core": "^4.0",
                "php": ">=7.4.0"
            },
            "type": "library",
            "autoload": {
                "psr-4": {
                    "Cake\\Filesystem\\": "."
                }
            },
            "notification-url": "https://packagist.org/downloads/",
            "license": [
                "MIT"
            ],
            "authors": [
                {
                    "name": "CakePHP Community",
                    "homepage": "https://github.com/cakephp/filesystem/graphs/contributors"
                }
            ],
            "description": "CakePHP filesystem convenience classes to help you work with files and folders.",
            "homepage": "https://cakephp.org",
            "keywords": [
                "cakephp",
                "files",
                "filesystem",
                "folders"
            ],
            "support": {
                "forum": "https://stackoverflow.com/tags/cakephp",
                "irc": "irc://irc.freenode.org/cakephp",
                "issues": "https://github.com/cakephp/cakephp/issues",
                "source": "https://github.com/cakephp/filesystem"
            },
            "time": "2022-08-18T21:01:25+00:00"
        },
        {
            "name": "cakephp/utility",
            "version": "4.4.11",
            "source": {
                "type": "git",
                "url": "https://github.com/cakephp/utility.git",
                "reference": "3694d44728fb00ab474d9e031d51ed47f3d0e31c"
            },
            "dist": {
                "type": "zip",
                "url": "https://api.github.com/repos/cakephp/utility/zipball/3694d44728fb00ab474d9e031d51ed47f3d0e31c",
                "reference": "3694d44728fb00ab474d9e031d51ed47f3d0e31c",
                "shasum": ""
            },
            "require": {
                "cakephp/core": "^4.0",
                "php": ">=7.4.0"
            },
            "suggest": {
                "ext-intl": "To use Text::transliterate() or Text::slug()",
                "lib-ICU": "To use Text::transliterate() or Text::slug()"
            },
            "type": "library",
            "autoload": {
                "files": [
                    "bootstrap.php"
                ],
                "psr-4": {
                    "Cake\\Utility\\": "."
                }
            },
            "notification-url": "https://packagist.org/downloads/",
            "license": [
                "MIT"
            ],
            "authors": [
                {
                    "name": "CakePHP Community",
                    "homepage": "https://github.com/cakephp/utility/graphs/contributors"
                }
            ],
            "description": "CakePHP Utility classes such as Inflector, String, Hash, and Security",
            "homepage": "https://cakephp.org",
            "keywords": [
                "cakephp",
                "hash",
                "inflector",
                "security",
                "string",
                "utility"
            ],
            "support": {
                "forum": "https://stackoverflow.com/tags/cakephp",
                "irc": "irc://irc.freenode.org/cakephp",
                "issues": "https://github.com/cakephp/cakephp/issues",
                "source": "https://github.com/cakephp/utility"
            },
            "time": "2023-01-07T14:14:31+00:00"
        }
    ],
    "packages-dev": [],
    "aliases": [],
    "minimum-stability": "stable",
    "stability-flags": [],
    "prefer-stable": false,
    "prefer-lowest": false,
    "platform": [],
    "platform-dev": [],
    "plugin-api-version": "2.3.0"
}
